// !$*UTF8*$!
{
	archiveVersion = 1;
	classes = {
	};
	objectVersion = 48;
	objects = {

/* Begin PBXBuildFile section */
		2B9713DC94724BAE3AA1215F /* Pods_GiphyTestApp.framework in Frameworks */ = {isa = PBXBuildFile; fileRef = F26CE29E1EF0C4B3D5B9A38F /* Pods_GiphyTestApp.framework */; };
		E23242841FC2F60900128C6B /* AppDelegate.swift in Sources */ = {isa = PBXBuildFile; fileRef = E23242831FC2F60900128C6B /* AppDelegate.swift */; };
		E23242861FC2F60900128C6B /* HomeGifViewController.swift in Sources */ = {isa = PBXBuildFile; fileRef = E23242851FC2F60900128C6B /* HomeGifViewController.swift */; };
		E23242891FC2F60900128C6B /* Main.storyboard in Resources */ = {isa = PBXBuildFile; fileRef = E23242871FC2F60900128C6B /* Main.storyboard */; };
		E232428B1FC2F60900128C6B /* Assets.xcassets in Resources */ = {isa = PBXBuildFile; fileRef = E232428A1FC2F60900128C6B /* Assets.xcassets */; };
		E232428E1FC2F60900128C6B /* LaunchScreen.storyboard in Resources */ = {isa = PBXBuildFile; fileRef = E232428C1FC2F60900128C6B /* LaunchScreen.storyboard */; };
		E23242961FC2F96800128C6B /* GifObject.swift in Sources */ = {isa = PBXBuildFile; fileRef = E23242951FC2F96800128C6B /* GifObject.swift */; };
		E23242981FC2F9E500128C6B /* StorageOfGifs.swift in Sources */ = {isa = PBXBuildFile; fileRef = E23242971FC2F9E500128C6B /* StorageOfGifs.swift */; };
		E2F2190F1FC35F3200AF721A /* GifContainerCellTableViewCell.swift in Sources */ = {isa = PBXBuildFile; fileRef = E2F2190E1FC35F3200AF721A /* GifContainerCellTableViewCell.swift */; };
		E2F219111FC360BD00AF721A /* Constants.swift in Sources */ = {isa = PBXBuildFile; fileRef = E2F219101FC360BD00AF721A /* Constants.swift */; };
		E2F219141FC3664F00AF721A /* UrlMaker.swift in Sources */ = {isa = PBXBuildFile; fileRef = E2F219131FC3664F00AF721A /* UrlMaker.swift */; };
		E2F219161FC36A6500AF721A /* SearchGifsViewController.swift in Sources */ = {isa = PBXBuildFile; fileRef = E2F219151FC36A6500AF721A /* SearchGifsViewController.swift */; };
/* End PBXBuildFile section */

/* Begin PBXFileReference section */
		205C0F48BE81118679AD0A86 /* Pods-GiphyTestApp.debug.xcconfig */ = {isa = PBXFileReference; includeInIndex = 1; lastKnownFileType = text.xcconfig; name = "Pods-GiphyTestApp.debug.xcconfig"; path = "Pods/Target Support Files/Pods-GiphyTestApp/Pods-GiphyTestApp.debug.xcconfig"; sourceTree = "<group>"; };
		5EBB018E050EB1279F35609B /* Pods-GiphyTestApp.release.xcconfig */ = {isa = PBXFileReference; includeInIndex = 1; lastKnownFileType = text.xcconfig; name = "Pods-GiphyTestApp.release.xcconfig"; path = "Pods/Target Support Files/Pods-GiphyTestApp/Pods-GiphyTestApp.release.xcconfig"; sourceTree = "<group>"; };
		E23242801FC2F60900128C6B /* GiphyTestApp.app */ = {isa = PBXFileReference; explicitFileType = wrapper.application; includeInIndex = 0; path = GiphyTestApp.app; sourceTree = BUILT_PRODUCTS_DIR; };
		E23242831FC2F60900128C6B /* AppDelegate.swift */ = {isa = PBXFileReference; lastKnownFileType = sourcecode.swift; path = AppDelegate.swift; sourceTree = "<group>"; };
		E23242851FC2F60900128C6B /* HomeGifViewController.swift */ = {isa = PBXFileReference; lastKnownFileType = sourcecode.swift; path = HomeGifViewController.swift; sourceTree = "<group>"; };
		E23242881FC2F60900128C6B /* Base */ = {isa = PBXFileReference; lastKnownFileType = file.storyboard; name = Base; path = Base.lproj/Main.storyboard; sourceTree = "<group>"; };
		E232428A1FC2F60900128C6B /* Assets.xcassets */ = {isa = PBXFileReference; lastKnownFileType = folder.assetcatalog; path = Assets.xcassets; sourceTree = "<group>"; };
		E232428D1FC2F60900128C6B /* Base */ = {isa = PBXFileReference; lastKnownFileType = file.storyboard; name = Base; path = Base.lproj/LaunchScreen.storyboard; sourceTree = "<group>"; };
		E232428F1FC2F60900128C6B /* Info.plist */ = {isa = PBXFileReference; lastKnownFileType = text.plist.xml; path = Info.plist; sourceTree = "<group>"; };
		E23242951FC2F96800128C6B /* GifObject.swift */ = {isa = PBXFileReference; lastKnownFileType = sourcecode.swift; path = GifObject.swift; sourceTree = "<group>"; };
		E23242971FC2F9E500128C6B /* StorageOfGifs.swift */ = {isa = PBXFileReference; lastKnownFileType = sourcecode.swift; path = StorageOfGifs.swift; sourceTree = "<group>"; };
		E2F2190E1FC35F3200AF721A /* GifContainerCellTableViewCell.swift */ = {isa = PBXFileReference; lastKnownFileType = sourcecode.swift; path = GifContainerCellTableViewCell.swift; sourceTree = "<group>"; };
		E2F219101FC360BD00AF721A /* Constants.swift */ = {isa = PBXFileReference; lastKnownFileType = sourcecode.swift; path = Constants.swift; sourceTree = "<group>"; };
		E2F219131FC3664F00AF721A /* UrlMaker.swift */ = {isa = PBXFileReference; lastKnownFileType = sourcecode.swift; path = UrlMaker.swift; sourceTree = "<group>"; };
		E2F219151FC36A6500AF721A /* SearchGifsViewController.swift */ = {isa = PBXFileReference; lastKnownFileType = sourcecode.swift; path = SearchGifsViewController.swift; sourceTree = "<group>"; };
		F26CE29E1EF0C4B3D5B9A38F /* Pods_GiphyTestApp.framework */ = {isa = PBXFileReference; explicitFileType = wrapper.framework; includeInIndex = 0; path = Pods_GiphyTestApp.framework; sourceTree = BUILT_PRODUCTS_DIR; };
/* End PBXFileReference section */

/* Begin PBXFrameworksBuildPhase section */
		E232427D1FC2F60900128C6B /* Frameworks */ = {
			isa = PBXFrameworksBuildPhase;
			buildActionMask = 2147483647;
			files = (
				2B9713DC94724BAE3AA1215F /* Pods_GiphyTestApp.framework in Frameworks */,
			);
			runOnlyForDeploymentPostprocessing = 0;
		};
/* End PBXFrameworksBuildPhase section */

/* Begin PBXGroup section */
		2D81DB49E3F728EA727C11D5 /* Frameworks */ = {
			isa = PBXGroup;
			children = (
				F26CE29E1EF0C4B3D5B9A38F /* Pods_GiphyTestApp.framework */,
			);
			name = Frameworks;
			sourceTree = "<group>";
		};
		62A2BF1F3F1A1273F7DD5326 /* Pods */ = {
			isa = PBXGroup;
			children = (
				205C0F48BE81118679AD0A86 /* Pods-GiphyTestApp.debug.xcconfig */,
				5EBB018E050EB1279F35609B /* Pods-GiphyTestApp.release.xcconfig */,
			);
			name = Pods;
			sourceTree = "<group>";
		};
		E23242771FC2F60900128C6B = {
			isa = PBXGroup;
			children = (
				E23242821FC2F60900128C6B /* GiphyTestApp */,
				E23242811FC2F60900128C6B /* Products */,
				62A2BF1F3F1A1273F7DD5326 /* Pods */,
				2D81DB49E3F728EA727C11D5 /* Frameworks */,
			);
			sourceTree = "<group>";
		};
		E23242811FC2F60900128C6B /* Products */ = {
			isa = PBXGroup;
			children = (
				E23242801FC2F60900128C6B /* GiphyTestApp.app */,
			);
			name = Products;
			sourceTree = "<group>";
		};
		E23242821FC2F60900128C6B /* GiphyTestApp */ = {
			isa = PBXGroup;
			children = (
				E2F219121FC3635200AF721A /* Model */,
				E23242831FC2F60900128C6B /* AppDelegate.swift */,
				E23242851FC2F60900128C6B /* HomeGifViewController.swift */,
				E2F219151FC36A6500AF721A /* SearchGifsViewController.swift */,
				E2F2190E1FC35F3200AF721A /* GifContainerCellTableViewCell.swift */,
				E23242871FC2F60900128C6B /* Main.storyboard */,
				E232428A1FC2F60900128C6B /* Assets.xcassets */,
				E232428C1FC2F60900128C6B /* LaunchScreen.storyboard */,
				E232428F1FC2F60900128C6B /* Info.plist */,
			);
			path = GiphyTestApp;
			sourceTree = "<group>";
		};
		E2F219121FC3635200AF721A /* Model */ = {
			isa = PBXGroup;
			children = (
				E23242951FC2F96800128C6B /* GifObject.swift */,
				E23242971FC2F9E500128C6B /* StorageOfGifs.swift */,
				E2F219101FC360BD00AF721A /* Constants.swift */,
				E2F219131FC3664F00AF721A /* UrlMaker.swift */,
			);
			path = Model;
			sourceTree = "<group>";
		};
/* End PBXGroup section */

/* Begin PBXNativeTarget section */
		E232427F1FC2F60900128C6B /* GiphyTestApp */ = {
			isa = PBXNativeTarget;
			buildConfigurationList = E23242921FC2F60900128C6B /* Build configuration list for PBXNativeTarget "GiphyTestApp" */;
			buildPhases = (
				1A84EADC095A5BCB0A529C17 /* [CP] Check Pods Manifest.lock */,
				E232427C1FC2F60900128C6B /* Sources */,
				E232427D1FC2F60900128C6B /* Frameworks */,
				E232427E1FC2F60900128C6B /* Resources */,
				04AAA95DF6382BFCF3D22F65 /* [CP] Embed Pods Frameworks */,
				9ABE078A972410F7DF1BC89F /* [CP] Copy Pods Resources */,
			);
			buildRules = (
			);
			dependencies = (
			);
			name = GiphyTestApp;
			productName = GiphyTestApp;
			productReference = E23242801FC2F60900128C6B /* GiphyTestApp.app */;
			productType = "com.apple.product-type.application";
		};
/* End PBXNativeTarget section */

/* Begin PBXProject section */
		E23242781FC2F60900128C6B /* Project object */ = {
			isa = PBXProject;
			attributes = {
				LastSwiftUpdateCheck = 0900;
				LastUpgradeCheck = 0900;
				ORGANIZATIONNAME = ZhegalikInc;
				TargetAttributes = {
					E232427F1FC2F60900128C6B = {
						CreatedOnToolsVersion = 9.0.1;
						ProvisioningStyle = Automatic;
					};
				};
			};
			buildConfigurationList = E232427B1FC2F60900128C6B /* Build configuration list for PBXProject "GiphyTestApp" */;
			compatibilityVersion = "Xcode 8.0";
			developmentRegion = en;
			hasScannedForEncodings = 0;
			knownRegions = (
				en,
				Base,
			);
			mainGroup = E23242771FC2F60900128C6B;
			productRefGroup = E23242811FC2F60900128C6B /* Products */;
			projectDirPath = "";
			projectRoot = "";
			targets = (
				E232427F1FC2F60900128C6B /* GiphyTestApp */,
			);
		};
/* End PBXProject section */

/* Begin PBXResourcesBuildPhase section */
		E232427E1FC2F60900128C6B /* Resources */ = {
			isa = PBXResourcesBuildPhase;
			buildActionMask = 2147483647;
			files = (
				E232428E1FC2F60900128C6B /* LaunchScreen.storyboard in Resources */,
				E232428B1FC2F60900128C6B /* Assets.xcassets in Resources */,
				E23242891FC2F60900128C6B /* Main.storyboard in Resources */,
			);
			runOnlyForDeploymentPostprocessing = 0;
		};
/* End PBXResourcesBuildPhase section */

/* Begin PBXShellScriptBuildPhase section */
		04AAA95DF6382BFCF3D22F65 /* [CP] Embed Pods Frameworks */ = {
			isa = PBXShellScriptBuildPhase;
			buildActionMask = 2147483647;
			files = (
			);
			inputPaths = (
				"${SRCROOT}/Pods/Target Support Files/Pods-GiphyTestApp/Pods-GiphyTestApp-frameworks.sh",
				"${BUILT_PRODUCTS_DIR}/Gifu/Gifu.framework",
				"${BUILT_PRODUCTS_DIR}/Nuke/Nuke.framework",
				"${BUILT_PRODUCTS_DIR}/Nuke-Gifu-Plugin/NukeGifuPlugin.framework",
				"${BUILT_PRODUCTS_DIR}/SwiftyJSON/SwiftyJSON.framework",
			);
			name = "[CP] Embed Pods Frameworks";
			outputPaths = (
				"${TARGET_BUILD_DIR}/${FRAMEWORKS_FOLDER_PATH}/Gifu.framework",
				"${TARGET_BUILD_DIR}/${FRAMEWORKS_FOLDER_PATH}/Nuke.framework",
				"${TARGET_BUILD_DIR}/${FRAMEWORKS_FOLDER_PATH}/NukeGifuPlugin.framework",
				"${TARGET_BUILD_DIR}/${FRAMEWORKS_FOLDER_PATH}/SwiftyJSON.framework",
			);
			runOnlyForDeploymentPostprocessing = 0;
			shellPath = /bin/sh;
			shellScript = "\"${SRCROOT}/Pods/Target Support Files/Pods-GiphyTestApp/Pods-GiphyTestApp-frameworks.sh\"\n";
			showEnvVarsInLog = 0;
		};
		1A84EADC095A5BCB0A529C17 /* [CP] Check Pods Manifest.lock */ = {
			isa = PBXShellScriptBuildPhase;
			buildActionMask = 2147483647;
			files = (
			);
			inputPaths = (
				"${PODS_PODFILE_DIR_PATH}/Podfile.lock",
				"${PODS_ROOT}/Manifest.lock",
			);
			name = "[CP] Check Pods Manifest.lock";
			outputPaths = (
				"$(DERIVED_FILE_DIR)/Pods-GiphyTestApp-checkManifestLockResult.txt",
			);
			runOnlyForDeploymentPostprocessing = 0;
			shellPath = /bin/sh;
			shellScript = "diff \"${PODS_PODFILE_DIR_PATH}/Podfile.lock\" \"${PODS_ROOT}/Manifest.lock\" > /dev/null\nif [ $? != 0 ] ; then\n    # print error to STDERR\n    echo \"error: The sandbox is not in sync with the Podfile.lock. Run 'pod install' or update your CocoaPods installation.\" >&2\n    exit 1\nfi\n# This output is used by Xcode 'outputs' to avoid re-running this script phase.\necho \"SUCCESS\" > \"${SCRIPT_OUTPUT_FILE_0}\"\n";
			showEnvVarsInLog = 0;
		};
		9ABE078A972410F7DF1BC89F /* [CP] Copy Pods Resources */ = {
			isa = PBXShellScriptBuildPhase;
			buildActionMask = 2147483647;
			files = (
			);
			inputPaths = (
			);
			name = "[CP] Copy Pods Resources";
			outputPaths = (
			);
			runOnlyForDeploymentPostprocessing = 0;
			shellPath = /bin/sh;
			shellScript = "\"${SRCROOT}/Pods/Target Support Files/Pods-GiphyTestApp/Pods-GiphyTestApp-resources.sh\"\n";
			showEnvVarsInLog = 0;
		};
/* End PBXShellScriptBuildPhase section */

/* Begin PBXSourcesBuildPhase section */
		E232427C1FC2F60900128C6B /* Sources */ = {
			isa = PBXSourcesBuildPhase;
			buildActionMask = 2147483647;
			files = (
				E2F2190F1FC35F3200AF721A /* GifContainerCellTableViewCell.swift in Sources */,
				E23242861FC2F60900128C6B /* HomeGifViewController.swift in Sources */,
				E23242981FC2F9E500128C6B /* StorageOfGifs.swift in Sources */,
				E23242841FC2F60900128C6B /* AppDelegate.swift in Sources */,
				E2F219141FC3664F00AF721A /* UrlMaker.swift in Sources */,
				E23242961FC2F96800128C6B /* GifObject.swift in Sources */,
				E2F219111FC360BD00AF721A /* Constants.swift in Sources */,
				E2F219161FC36A6500AF721A /* SearchGifsViewController.swift in Sources */,
			);
			runOnlyForDeploymentPostprocessing = 0;
		};
/* End PBXSourcesBuildPhase section */

/* Begin PBXVariantGroup section */
		E23242871FC2F60900128C6B /* Main.storyboard */ = {
			isa = PBXVariantGroup;
			children = (
				E23242881FC2F60900128C6B /* Base */,
			);
			name = Main.storyboard;
			sourceTree = "<group>";
		};
		E232428C1FC2F60900128C6B /* LaunchScreen.storyboard */ = {
			isa = PBXVariantGroup;
			children = (
				E232428D1FC2F60900128C6B /* Base */,
			);
			name = LaunchScreen.storyboard;
			sourceTree = "<group>";
		};
/* End PBXVariantGroup section */

/* Begin XCBuildConfiguration section */
		E23242901FC2F60900128C6B /* Debug */ = {
			isa = XCBuildConfiguration;
			buildSettings = {
				ALWAYS_SEARCH_USER_PATHS = NO;
				CLANG_ANALYZER_NONNULL = YES;
				CLANG_ANALYZER_NUMBER_OBJECT_CONVERSION = YES_AGGRESSIVE;
				CLANG_CXX_LANGUAGE_STANDARD = "gnu++14";
				CLANG_CXX_LIBRARY = "libc++";
				CLANG_ENABLE_MODULES = YES;
				CLANG_ENABLE_OBJC_ARC = YES;
				CLANG_WARN_BLOCK_CAPTURE_AUTORELEASING = YES;
				CLANG_WARN_BOOL_CONVERSION = YES;
				CLANG_WARN_COMMA = YES;
				CLANG_WARN_CONSTANT_CONVERSION = YES;
				CLANG_WARN_DIRECT_OBJC_ISA_USAGE = YES_ERROR;
				CLANG_WARN_DOCUMENTATION_COMMENTS = YES;
				CLANG_WARN_EMPTY_BODY = YES;
				CLANG_WARN_ENUM_CONVERSION = YES;
				CLANG_WARN_INFINITE_RECURSION = YES;
				CLANG_WARN_INT_CONVERSION = YES;
				CLANG_WARN_NON_LITERAL_NULL_CONVERSION = YES;
				CLANG_WARN_OBJC_LITERAL_CONVERSION = YES;
				CLANG_WARN_OBJC_ROOT_CLASS = YES_ERROR;
				CLANG_WARN_RANGE_LOOP_ANALYSIS = YES;
				CLANG_WARN_STRICT_PROTOTYPES = YES;
				CLANG_WARN_SUSPICIOUS_MOVE = YES;
				CLANG_WARN_UNGUARDED_AVAILABILITY = YES_AGGRESSIVE;
				CLANG_WARN_UNREACHABLE_CODE = YES;
				CLANG_WARN__DUPLICATE_METHOD_MATCH = YES;
				CODE_SIGN_IDENTITY = "iPhone Developer";
				COPY_PHASE_STRIP = NO;
				DEBUG_INFORMATION_FORMAT = dwarf;
				ENABLE_STRICT_OBJC_MSGSEND = YES;
				ENABLE_TESTABILITY = YES;
				GCC_C_LANGUAGE_STANDARD = gnu11;
				GCC_DYNAMIC_NO_PIC = NO;
				GCC_NO_COMMON_BLOCKS = YES;
				GCC_OPTIMIZATION_LEVEL = 0;
				GCC_PREPROCESSOR_DEFINITIONS = (
					"DEBUG=1",
					"$(inherited)",
				);
				GCC_WARN_64_TO_32_BIT_CONVERSION = YES;
				GCC_WARN_ABOUT_RETURN_TYPE = YES_ERROR;
				GCC_WARN_UNDECLARED_SELECTOR = YES;
				GCC_WARN_UNINITIALIZED_AUTOS = YES_AGGRESSIVE;
				GCC_WARN_UNUSED_FUNCTION = YES;
				GCC_WARN_UNUSED_VARIABLE = YES;
				IPHONEOS_DEPLOYMENT_TARGET = 11.0;
				MTL_ENABLE_DEBUG_INFO = YES;
				ONLY_ACTIVE_ARCH = YES;
				SDKROOT = iphoneos;
				SWIFT_ACTIVE_COMPILATION_CONDITIONS = DEBUG;
				SWIFT_OPTIMIZATION_LEVEL = "-Onone";
			};
			name = Debug;
		};
		E23242911FC2F60900128C6B /* Release */ = {
			isa = XCBuildConfiguration;
			buildSettings = {
				ALWAYS_SEARCH_USER_PATHS = NO;
				CLANG_ANALYZER_NONNULL = YES;
				CLANG_ANALYZER_NUMBER_OBJECT_CONVERSION = YES_AGGRESSIVE;
				CLANG_CXX_LANGUAGE_STANDARD = "gnu++14";
				CLANG_CXX_LIBRARY = "libc++";
				CLANG_ENABLE_MODULES = YES;
				CLANG_ENABLE_OBJC_ARC = YES;
				CLANG_WARN_BLOCK_CAPTURE_AUTORELEASING = YES;
				CLANG_WARN_BOOL_CONVERSION = YES;
				CLANG_WARN_COMMA = YES;
				CLANG_WARN_CONSTANT_CONVERSION = YES;
				CLANG_WARN_DIRECT_OBJC_ISA_USAGE = YES_ERROR;
				CLANG_WARN_DOCUMENTATION_COMMENTS = YES;
				CLANG_WARN_EMPTY_BODY = YES;
				CLANG_WARN_ENUM_CONVERSION = YES;
				CLANG_WARN_INFINITE_RECURSION = YES;
				CLANG_WARN_INT_CONVERSION = YES;
				CLANG_WARN_NON_LITERAL_NULL_CONVERSION = YES;
				CLANG_WARN_OBJC_LITERAL_CONVERSION = YES;
				CLANG_WARN_OBJC_ROOT_CLASS = YES_ERROR;
				CLANG_WARN_RANGE_LOOP_ANALYSIS = YES;
				CLANG_WARN_STRICT_PROTOTYPES = YES;
				CLANG_WARN_SUSPICIOUS_MOVE = YES;
				CLANG_WARN_UNGUARDED_AVAILABILITY = YES_AGGRESSIVE;
				CLANG_WARN_UNREACHABLE_CODE = YES;
				CLANG_WARN__DUPLICATE_METHOD_MATCH = YES;
				CODE_SIGN_IDENTITY = "iPhone Developer";
				COPY_PHASE_STRIP = NO;
				DEBUG_INFORMATION_FORMAT = "dwarf-with-dsym";
				ENABLE_NS_ASSERTIONS = NO;
				ENABLE_STRICT_OBJC_MSGSEND = YES;
				GCC_C_LANGUAGE_STANDARD = gnu11;
				GCC_NO_COMMON_BLOCKS = YES;
				GCC_WARN_64_TO_32_BIT_CONVERSION = YES;
				GCC_WARN_ABOUT_RETURN_TYPE = YES_ERROR;
				GCC_WARN_UNDECLARED_SELECTOR = YES;
				GCC_WARN_UNINITIALIZED_AUTOS = YES_AGGRESSIVE;
				GCC_WARN_UNUSED_FUNCTION = YES;
				GCC_WARN_UNUSED_VARIABLE = YES;
				IPHONEOS_DEPLOYMENT_TARGET = 11.0;
				MTL_ENABLE_DEBUG_INFO = NO;
				SDKROOT = iphoneos;
				SWIFT_OPTIMIZATION_LEVEL = "-Owholemodule";
				VALIDATE_PRODUCT = YES;
			};
			name = Release;
		};
		E23242931FC2F60900128C6B /* Debug */ = {
			isa = XCBuildConfiguration;
			baseConfigurationReference = 205C0F48BE81118679AD0A86 /* Pods-GiphyTestApp.debug.xcconfig */;
			buildSettings = {
				ASSETCATALOG_COMPILER_APPICON_NAME = AppIcon;
				CODE_SIGN_STYLE = Automatic;
				INFOPLIST_FILE = GiphyTestApp/Info.plist;
				LD_RUNPATH_SEARCH_PATHS = "$(inherited) @executable_path/Frameworks";
				PRODUCT_BUNDLE_IDENTIFIER = com.ZhegalikInc..GiphyTestApp;
				PRODUCT_NAME = "$(TARGET_NAME)";
				SWIFT_VERSION = 4.0;
				TARGETED_DEVICE_FAMILY = "1,2";
			};
			name = Debug;
		};
		E23242941FC2F60900128C6B /* Release */ = {
			isa = XCBuildConfiguration;
			baseConfigurationReference = 5EBB018E050EB1279F35609B /* Pods-GiphyTestApp.release.xcconfig */;
			buildSettings = {
				ASSETCATALOG_COMPILER_APPICON_NAME = AppIcon;
				CODE_SIGN_STYLE = Automatic;
				INFOPLIST_FILE = GiphyTestApp/Info.plist;
				LD_RUNPATH_SEARCH_PATHS = "$(inherited) @executable_path/Frameworks";
				PRODUCT_BUNDLE_IDENTIFIER = com.ZhegalikInc..GiphyTestApp;
				PRODUCT_NAME = "$(TARGET_NAME)";
				SWIFT_VERSION = 4.0;
				TARGETED_DEVICE_FAMILY = "1,2";
			};
			name = Release;
		};
/* End XCBuildConfiguration section */

/* Begin XCConfigurationList section */
		E232427B1FC2F60900128C6B /* Build configuration list for PBXProject "GiphyTestApp" */ = {
			isa = XCConfigurationList;
			buildConfigurations = (
				E23242901FC2F60900128C6B /* Debug */,
				E23242911FC2F60900128C6B /* Release */,
			);
			defaultConfigurationIsVisible = 0;
			defaultConfigurationName = Release;
		};
		E23242921FC2F60900128C6B /* Build configuration list for PBXNativeTarget "GiphyTestApp" */ = {
			isa = XCConfigurationList;
			buildConfigurations = (
				E23242931FC2F60900128C6B /* Debug */,
				E23242941FC2F60900128C6B /* Release */,
			);
			defaultConfigurationIsVisible = 0;
			defaultConfigurationName = Release;
		};
/* End XCConfigurationList section */
	};
	rootObject = E23242781FC2F60900128C6B /* Project object */;
}
